
Microsoft Visual Studio Solution File, Format Version 12.00
# Visual Studio Version 16
VisualStudioVersion = 16.0.29001.49
MinimumVisualStudioVersion = 10.0.40219.1
Project("{FAE04EC0-301F-11D3-BF4B-00C04F79EFBC}") = "CheckersM", "CheckersM\CheckersM.csproj", "{F8F03722-534A-4354-BE12-CB59672EAE25}"
EndProject
Global
	GlobalSection(SolutionConfigurationPlatforms) = preSolution
		Debug|Any CPU = Debug|Any CPU
		Release|Any CPU = Release|Any CPU
	EndGlobalSection
	GlobalSection(ProjectConfigurationPlatforms) = postSolution
		{F8F03722-534A-4354-BE12-CB59672EAE25}.Debug|Any CPU.ActiveCfg = Debug|Any CPU
		{F8F03722-534A-4354-BE12-CB59672EAE25}.Debug|Any CPU.Build.0 = Debug|Any CPU
		{F8F03722-534A-4354-BE12-CB59672EAE25}.Release|Any CPU.ActiveCfg = Release|Any CPU
		{F8F03722-534A-4354-BE12-CB59672EAE25}.Release|Any CPU.Build.0 = Release|Any CPU
	EndGlobalSection
	GlobalSection(SolutionProperties) = preSolution
		HideSolutionNode = FALSE
	EndGlobalSection
	GlobalSection(ExtensibilityGlobals) = postSolution
		SolutionGuid = {11F97106-51DC-4466-AFD4-4AAE8F0B7AC2}
	EndGlobalSection
EndGlobal
